
Microsoft Visual Studio Solution File, Format Version 12.00
# Visual Studio 15
VisualStudioVersion = 15.0.28010.2048
MinimumVisualStudioVersion = 10.0.40219.1
Project("{FAE04EC0-301F-11D3-BF4B-00C04F79EFBC}") = "抽象工厂", "抽象工厂\抽象工厂.csproj", "{625455F3-795A-4D39-A22F-315F2E0058CC}"
EndProject
Global
	GlobalSection(SolutionConfigurationPlatforms) = preSolution
		Debug|Any CPU = Debug|Any CPU
		Release|Any CPU = Release|Any CPU
	EndGlobalSection
	GlobalSection(ProjectConfigurationPlatforms) = postSolution
		{625455F3-795A-4D39-A22F-315F2E0058CC}.Debug|Any CPU.ActiveCfg = Debug|Any CPU
		{625455F3-795A-4D39-A22F-315F2E0058CC}.Debug|Any CPU.Build.0 = Debug|Any CPU
		{625455F3-795A-4D39-A22F-315F2E0058CC}.Release|Any CPU.ActiveCfg = Release|Any CPU
		{625455F3-795A-4D39-A22F-315F2E0058CC}.Release|Any CPU.Build.0 = Release|Any CPU
	EndGlobalSection
	GlobalSection(SolutionProperties) = preSolution
		HideSolutionNode = FALSE
	EndGlobalSection
	GlobalSection(ExtensibilityGlobals) = postSolution
		SolutionGuid = {15D1C13B-18DA-4CBC-8F25-94710134B221}
	EndGlobalSection
EndGlobal
